
Microsoft Visual Studio Solution File, Format Version 12.00
# Visual Studio 14
VisualStudioVersion = 14.0.25420.1
MinimumVisualStudioVersion = 10.0.40219.1
Project("{FAE04EC0-301F-11D3-BF4B-00C04F79EFBC}") = "WeaponOut", "WeaponOut.csproj", "{4E3DFB86-01BB-4397-B63C-D5ABE1E5597C}"
EndProject
Project("{FAE04EC0-301F-11D3-BF4B-00C04F79EFBC}") = "ItemCustomizer-WINDOWS", "..\ItemCustomizer-master\ItemCustomizer-WINDOWS.csproj", "{656AFCF7-8B8A-4E4D-9F3B-5A7AE2681825}"
EndProject
Project("{FAE04EC0-301F-11D3-BF4B-00C04F79EFBC}") = "WeaponOutExtension", "..\WeaponOutExtension\WeaponOutExtension.csproj", "{37FC7CD7-3F09-4613-9FCE-902CEA9903F4}"
EndProject
Global
	GlobalSection(SolutionConfigurationPlatforms) = preSolution
		Debug|Any CPU = Debug|Any CPU
		Release|Any CPU = Release|Any CPU
	EndGlobalSection
	GlobalSection(ProjectConfigurationPlatforms) = postSolution
		{4E3DFB86-01BB-4397-B63C-D5ABE1E5597C}.Debug|Any CPU.ActiveCfg = Debug|Any CPU
		{4E3DFB86-01BB-4397-B63C-D5ABE1E5597C}.Debug|Any CPU.Build.0 = Debug|Any CPU
		{4E3DFB86-01BB-4397-B63C-D5ABE1E5597C}.Release|Any CPU.ActiveCfg = Release|Any CPU
		{4E3DFB86-01BB-4397-B63C-D5ABE1E5597C}.Release|Any CPU.Build.0 = Release|Any CPU
		{656AFCF7-8B8A-4E4D-9F3B-5A7AE2681825}.Debug|Any CPU.ActiveCfg = Debug|Any CPU
		{656AFCF7-8B8A-4E4D-9F3B-5A7AE2681825}.Debug|Any CPU.Build.0 = Debug|Any CPU
		{656AFCF7-8B8A-4E4D-9F3B-5A7AE2681825}.Release|Any CPU.ActiveCfg = Release|Any CPU
		{656AFCF7-8B8A-4E4D-9F3B-5A7AE2681825}.Release|Any CPU.Build.0 = Release|Any CPU
		{37FC7CD7-3F09-4613-9FCE-902CEA9903F4}.Debug|Any CPU.ActiveCfg = Debug|Any CPU
		{37FC7CD7-3F09-4613-9FCE-902CEA9903F4}.Debug|Any CPU.Build.0 = Debug|Any CPU
		{37FC7CD7-3F09-4613-9FCE-902CEA9903F4}.Release|Any CPU.ActiveCfg = Release|Any CPU
		{37FC7CD7-3F09-4613-9FCE-902CEA9903F4}.Release|Any CPU.Build.0 = Release|Any CPU
	EndGlobalSection
	GlobalSection(SolutionProperties) = preSolution
		HideSolutionNode = FALSE
	EndGlobalSection
EndGlobal
